
Microsoft Visual Studio Solution File, Format Version 11.00
# Visual Studio 2010
Project("{FAE04EC0-301F-11D3-BF4B-00C04F79EFBC}") = "butasan823", "Assembly-CSharp.csproj", "{0F898194-BA3E-0991-6115-9819106AB004}"
EndProject
Project("{FAE04EC0-301F-11D3-BF4B-00C04F79EFBC}") = "butasan823", "Assembly-CSharp-firstpass.csproj", "{E27035F2-FBE7-EFF7-392F-270B927B5B1B}"
EndProject
Project("{FAE04EC0-301F-11D3-BF4B-00C04F79EFBC}") = "butasan823", "Assembly-CSharp-Editor.csproj", "{1D1A45BE-C286-2A7B-793E-EF0E73D2D58D}"
EndProject
Global
	GlobalSection(SolutionConfigurationPlatforms) = preSolution
		Debug|Any CPU = Debug|Any CPU
		Release|Any CPU = Release|Any CPU
	EndGlobalSection
	GlobalSection(ProjectConfigurationPlatforms) = postSolution
		{0F898194-BA3E-0991-6115-9819106AB004}.Debug|Any CPU.ActiveCfg = Debug|Any CPU
		{0F898194-BA3E-0991-6115-9819106AB004}.Debug|Any CPU.Build.0 = Debug|Any CPU
		{0F898194-BA3E-0991-6115-9819106AB004}.Release|Any CPU.ActiveCfg = Release|Any CPU
		{0F898194-BA3E-0991-6115-9819106AB004}.Release|Any CPU.Build.0 = Release|Any CPU
		{E27035F2-FBE7-EFF7-392F-270B927B5B1B}.Debug|Any CPU.ActiveCfg = Debug|Any CPU
		{E27035F2-FBE7-EFF7-392F-270B927B5B1B}.Debug|Any CPU.Build.0 = Debug|Any CPU
		{E27035F2-FBE7-EFF7-392F-270B927B5B1B}.Release|Any CPU.ActiveCfg = Release|Any CPU
		{E27035F2-FBE7-EFF7-392F-270B927B5B1B}.Release|Any CPU.Build.0 = Release|Any CPU
		{1D1A45BE-C286-2A7B-793E-EF0E73D2D58D}.Debug|Any CPU.ActiveCfg = Debug|Any CPU
		{1D1A45BE-C286-2A7B-793E-EF0E73D2D58D}.Debug|Any CPU.Build.0 = Debug|Any CPU
		{1D1A45BE-C286-2A7B-793E-EF0E73D2D58D}.Release|Any CPU.ActiveCfg = Release|Any CPU
		{1D1A45BE-C286-2A7B-793E-EF0E73D2D58D}.Release|Any CPU.Build.0 = Release|Any CPU
	EndGlobalSection
	GlobalSection(SolutionProperties) = preSolution
		HideSolutionNode = FALSE
	EndGlobalSection
	GlobalSection(MonoDevelopProperties) = preSolution
		StartupItem = Assembly-CSharp.csproj
	EndGlobalSection
EndGlobal
