
Microsoft Visual Studio Solution File, Format Version 11.00
# Visual Studio 2010
Project("{FAE04EC0-301F-11D3-BF4B-00C04F79EFBC}") = "pikotaro819-master", "Assembly-CSharp.csproj", "{69830261-67D8-77AD-F885-10E320C765B1}"
EndProject
Project("{FAE04EC0-301F-11D3-BF4B-00C04F79EFBC}") = "pikotaro819-master", "Assembly-CSharp-Editor.csproj", "{26F040AE-E032-D843-C1DA-317D763B5752}"
EndProject
Global
	GlobalSection(SolutionConfigurationPlatforms) = preSolution
		Debug|Any CPU = Debug|Any CPU
		Release|Any CPU = Release|Any CPU
	EndGlobalSection
	GlobalSection(ProjectConfigurationPlatforms) = postSolution
		{69830261-67D8-77AD-F885-10E320C765B1}.Debug|Any CPU.ActiveCfg = Debug|Any CPU
		{69830261-67D8-77AD-F885-10E320C765B1}.Debug|Any CPU.Build.0 = Debug|Any CPU
		{69830261-67D8-77AD-F885-10E320C765B1}.Release|Any CPU.ActiveCfg = Release|Any CPU
		{69830261-67D8-77AD-F885-10E320C765B1}.Release|Any CPU.Build.0 = Release|Any CPU
		{26F040AE-E032-D843-C1DA-317D763B5752}.Debug|Any CPU.ActiveCfg = Debug|Any CPU
		{26F040AE-E032-D843-C1DA-317D763B5752}.Debug|Any CPU.Build.0 = Debug|Any CPU
		{26F040AE-E032-D843-C1DA-317D763B5752}.Release|Any CPU.ActiveCfg = Release|Any CPU
		{26F040AE-E032-D843-C1DA-317D763B5752}.Release|Any CPU.Build.0 = Release|Any CPU
	EndGlobalSection
	GlobalSection(SolutionProperties) = preSolution
		HideSolutionNode = FALSE
	EndGlobalSection
	GlobalSection(MonoDevelopProperties) = preSolution
		StartupItem = Assembly-CSharp.csproj
	EndGlobalSection
EndGlobal
