
Microsoft Visual Studio Solution File, Format Version 11.00
# Visual Studio 2010
Project("{FAE04EC0-301F-11D3-BF4B-00C04F79EFBC}") = "u22game817-master", "Assembly-CSharp.csproj", "{D18A5E05-1079-61B1-5221-BB5B098F2B74}"
EndProject
Project("{FAE04EC0-301F-11D3-BF4B-00C04F79EFBC}") = "u22game817-master", "Assembly-CSharp-Editor.csproj", "{99DBEA68-3A62-758D-E46B-29AC611133AF}"
EndProject
Global
	GlobalSection(SolutionConfigurationPlatforms) = preSolution
		Debug|Any CPU = Debug|Any CPU
		Release|Any CPU = Release|Any CPU
	EndGlobalSection
	GlobalSection(ProjectConfigurationPlatforms) = postSolution
		{D18A5E05-1079-61B1-5221-BB5B098F2B74}.Debug|Any CPU.ActiveCfg = Debug|Any CPU
		{D18A5E05-1079-61B1-5221-BB5B098F2B74}.Debug|Any CPU.Build.0 = Debug|Any CPU
		{D18A5E05-1079-61B1-5221-BB5B098F2B74}.Release|Any CPU.ActiveCfg = Release|Any CPU
		{D18A5E05-1079-61B1-5221-BB5B098F2B74}.Release|Any CPU.Build.0 = Release|Any CPU
		{99DBEA68-3A62-758D-E46B-29AC611133AF}.Debug|Any CPU.ActiveCfg = Debug|Any CPU
		{99DBEA68-3A62-758D-E46B-29AC611133AF}.Debug|Any CPU.Build.0 = Debug|Any CPU
		{99DBEA68-3A62-758D-E46B-29AC611133AF}.Release|Any CPU.ActiveCfg = Release|Any CPU
		{99DBEA68-3A62-758D-E46B-29AC611133AF}.Release|Any CPU.Build.0 = Release|Any CPU
	EndGlobalSection
	GlobalSection(SolutionProperties) = preSolution
		HideSolutionNode = FALSE
	EndGlobalSection
	GlobalSection(MonoDevelopProperties) = preSolution
		StartupItem = Assembly-CSharp.csproj
	EndGlobalSection
EndGlobal
