
Microsoft Visual Studio Solution File, Format Version 11.00
# Visual Studio 2010
Project("{FAE04EC0-301F-11D3-BF4B-00C04F79EFBC}") = "u22game8182-master", "Assembly-CSharp.csproj", "{296FCAA4-4627-3019-4ACE-AFEB2C1F7606}"
EndProject
Project("{FAE04EC0-301F-11D3-BF4B-00C04F79EFBC}") = "u22game8182-master", "Assembly-CSharp-Editor.csproj", "{89D88340-FF33-38D9-F2EA-18488C7E5E43}"
EndProject
Global
	GlobalSection(SolutionConfigurationPlatforms) = preSolution
		Debug|Any CPU = Debug|Any CPU
		Release|Any CPU = Release|Any CPU
	EndGlobalSection
	GlobalSection(ProjectConfigurationPlatforms) = postSolution
		{296FCAA4-4627-3019-4ACE-AFEB2C1F7606}.Debug|Any CPU.ActiveCfg = Debug|Any CPU
		{296FCAA4-4627-3019-4ACE-AFEB2C1F7606}.Debug|Any CPU.Build.0 = Debug|Any CPU
		{296FCAA4-4627-3019-4ACE-AFEB2C1F7606}.Release|Any CPU.ActiveCfg = Release|Any CPU
		{296FCAA4-4627-3019-4ACE-AFEB2C1F7606}.Release|Any CPU.Build.0 = Release|Any CPU
		{89D88340-FF33-38D9-F2EA-18488C7E5E43}.Debug|Any CPU.ActiveCfg = Debug|Any CPU
		{89D88340-FF33-38D9-F2EA-18488C7E5E43}.Debug|Any CPU.Build.0 = Debug|Any CPU
		{89D88340-FF33-38D9-F2EA-18488C7E5E43}.Release|Any CPU.ActiveCfg = Release|Any CPU
		{89D88340-FF33-38D9-F2EA-18488C7E5E43}.Release|Any CPU.Build.0 = Release|Any CPU
	EndGlobalSection
	GlobalSection(SolutionProperties) = preSolution
		HideSolutionNode = FALSE
	EndGlobalSection
	GlobalSection(MonoDevelopProperties) = preSolution
		StartupItem = Assembly-CSharp.csproj
	EndGlobalSection
EndGlobal
